
Microsoft Visual Studio Solution File, Format Version 12.00
# Visual Studio Version 16
VisualStudioVersion = 16.0.810.17
MinimumVisualStudioVersion = 10.0.40219.1
Project("{FAE04EC0-301F-11D3-BF4B-00C04F79EFBC}") = "Lesson_3.2", "Lesson_3.2\Lesson_3.2.csproj", "{2140C296-57D9-4E41-9AB1-E0012E82C052}"
EndProject
Global
	GlobalSection(SolutionConfigurationPlatforms) = preSolution
		Debug|anycpu = Debug|anycpu
		Release|anycpu = Release|anycpu
	EndGlobalSection
	GlobalSection(ProjectConfigurationPlatforms) = postSolution
		{2140C296-57D9-4E41-9AB1-E0012E82C052}.Debug|anycpu.ActiveCfg = Debug|anycpu
		{2140C296-57D9-4E41-9AB1-E0012E82C052}.Debug|anycpu.Build.0 = Debug|anycpu
		{2140C296-57D9-4E41-9AB1-E0012E82C052}.Release|anycpu.ActiveCfg = Release|anycpu
		{2140C296-57D9-4E41-9AB1-E0012E82C052}.Release|anycpu.Build.0 = Release|anycpu
	EndGlobalSection
	GlobalSection(SolutionProperties) = preSolution
		HideSolutionNode = FALSE
	EndGlobalSection
	GlobalSection(ExtensibilityGlobals) = postSolution
		SolutionGuid = {58812E43-A551-49BD-B9EB-25A7094AD553}
	EndGlobalSection
EndGlobal
